// !$*UTF8*$!
{
	archiveVersion = 1;
	classes = {
	};
	objectVersion = 46;
	objects = {

/* Begin PBXBuildFile section */
		1701B6441AB684DA00DAF6FC /* main.m in Sources */ = {isa = PBXBuildFile; fileRef = 1701B6431AB684DA00DAF6FC /* main.m */; };
		1701B6471AB684DA00DAF6FC /* AppDelegate.m in Sources */ = {isa = PBXBuildFile; fileRef = 1701B6461AB684DA00DAF6FC /* AppDelegate.m */; };
		1701B64F1AB684DA00DAF6FC /* Images.xcassets in Resources */ = {isa = PBXBuildFile; fileRef = 1701B64E1AB684DA00DAF6FC /* Images.xcassets */; };
		1701B65E1AB684DB00DAF6FC /* SZToolTests.m in Sources */ = {isa = PBXBuildFile; fileRef = 1701B65D1AB684DB00DAF6FC /* SZToolTests.m */; };
		1701B6801AB6CAAD00DAF6FC /* UIView+Frame.m in Sources */ = {isa = PBXBuildFile; fileRef = 1701B67F1AB6CAAD00DAF6FC /* UIView+Frame.m */; };
		1701B6871AB6D99000DAF6FC /* SZTViewController.m in Sources */ = {isa = PBXBuildFile; fileRef = 1701B6861AB6D99000DAF6FC /* SZTViewController.m */; };
		1701B68A1AB6DD3900DAF6FC /* SZTGongjijinService.m in Sources */ = {isa = PBXBuildFile; fileRef = 1701B6891AB6DD3900DAF6FC /* SZTGongjijinService.m */; };
		1701B68D1AB6DDA900DAF6FC /* SZTGongjijinController.m in Sources */ = {isa = PBXBuildFile; fileRef = 1701B68C1AB6DDA900DAF6FC /* SZTGongjijinController.m */; };
		1701B6911AB6E9B100DAF6FC /* SZTYaohaoViewController.m in Sources */ = {isa = PBXBuildFile; fileRef = 1701B6901AB6E9B100DAF6FC /* SZTYaohaoViewController.m */; };
		1701B6971AB71CAB00DAF6FC /* UIView+HUD.m in Sources */ = {isa = PBXBuildFile; fileRef = 1701B6961AB71CAB00DAF6FC /* UIView+HUD.m */; };
		1701B69D1AB7DC7100DAF6FC /* NSString+DT.m in Sources */ = {isa = PBXBuildFile; fileRef = 1701B69C1AB7DC7100DAF6FC /* NSString+DT.m */; };
		1701B6A01AB812FC00DAF6FC /* SZTResultModel.m in Sources */ = {isa = PBXBuildFile; fileRef = 1701B69F1AB812FC00DAF6FC /* SZTResultModel.m */; };
		1701B6A31AB833D400DAF6FC /* SZTYaohaoService.m in Sources */ = {isa = PBXBuildFile; fileRef = 1701B6A21AB833D400DAF6FC /* SZTYaohaoService.m */; };
		1701B6A71AB85A3D00DAF6FC /* SZTShebaoViewController.m in Sources */ = {isa = PBXBuildFile; fileRef = 1701B6A61AB85A3D00DAF6FC /* SZTShebaoViewController.m */; };
		1701B6AA1AB85BB500DAF6FC /* SZTShebaoService.m in Sources */ = {isa = PBXBuildFile; fileRef = 1701B6A91AB85BB500DAF6FC /* SZTShebaoService.m */; };
		170F7D811AD29C0B00ABD24E /* SZTCarTypeManager.m in Sources */ = {isa = PBXBuildFile; fileRef = 170F7D801AD29C0B00ABD24E /* SZTCarTypeManager.m */; };
		170F7D841AD5749C00ABD24E /* SZTWeizhangModel.m in Sources */ = {isa = PBXBuildFile; fileRef = 170F7D831AD5749C00ABD24E /* SZTWeizhangModel.m */; };
		1710D6391AC2DD4A0083A297 /* SZTAboutViewController.m in Sources */ = {isa = PBXBuildFile; fileRef = 1710D6381AC2DD4A0083A297 /* SZTAboutViewController.m */; };
		1710D63F1AC2F7830083A297 /* DTPlaceHolderTextView.m in Sources */ = {isa = PBXBuildFile; fileRef = 1710D63E1AC2F7830083A297 /* DTPlaceHolderTextView.m */; };
		1710D66F1AC3DC700083A297 /* SZTPrivacyViewController.m in Sources */ = {isa = PBXBuildFile; fileRef = 1710D66E1AC3DC700083A297 /* SZTPrivacyViewController.m */; };
		1710D6741AC432550083A297 /* AVOSCloud.bundle in Resources */ = {isa = PBXBuildFile; fileRef = 1710D6731AC432550083A297 /* AVOSCloud.bundle */; };
		1710D6761AC432C20083A297 /* privacy.html in Resources */ = {isa = PBXBuildFile; fileRef = 1710D6751AC432C20083A297 /* privacy.html */; };
		1719C5B41AE2283E000D161B /* UIColor+HexString.m in Sources */ = {isa = PBXBuildFile; fileRef = 1719C5B31AE2283E000D161B /* UIColor+HexString.m */; };
		1719C5B81AE228D2000D161B /* SZTool.xcdatamodeld in Sources */ = {isa = PBXBuildFile; fileRef = 1719C5B61AE228D2000D161B /* SZTool.xcdatamodeld */; };
		1719C5BB1AE2861E000D161B /* Weizhang.m in Sources */ = {isa = PBXBuildFile; fileRef = 1719C5BA1AE2861E000D161B /* Weizhang.m */; };
		1719C5BE1AE2861F000D161B /* Gongjijin.m in Sources */ = {isa = PBXBuildFile; fileRef = 1719C5BD1AE2861F000D161B /* Gongjijin.m */; };
		1719C5C11AE2861F000D161B /* Shebao.m in Sources */ = {isa = PBXBuildFile; fileRef = 1719C5C01AE2861F000D161B /* Shebao.m */; };
		1719C5C41AE2861F000D161B /* Yaohao.m in Sources */ = {isa = PBXBuildFile; fileRef = 1719C5C31AE2861F000D161B /* Yaohao.m */; };
		1719C5CA1AE2B78F000D161B /* SZTInputViewController.m in Sources */ = {isa = PBXBuildFile; fileRef = 1719C5C91AE2B78F000D161B /* SZTInputViewController.m */; };
		1719C5D31AE35205000D161B /* SZTAccountTableView.m in Sources */ = {isa = PBXBuildFile; fileRef = 1719C5D01AE35205000D161B /* SZTAccountTableView.m */; };
		172DDD361AD7FF3E00013157 /* UIImageView+Indicator.m in Sources */ = {isa = PBXBuildFile; fileRef = 172DDD351AD7FF3E00013157 /* UIImageView+Indicator.m */; };
		17945C741B272BB900643A97 /* BaiduAPIUtils.m in Sources */ = {isa = PBXBuildFile; fileRef = 17945C731B272BB900643A97 /* BaiduAPIUtils.m */; };
		179B58F51AF740A200952883 /* SZTAccountManagerController.m in Sources */ = {isa = PBXBuildFile; fileRef = 179B58F41AF740A200952883 /* SZTAccountManagerController.m */; };
		179B58F81AF74E0300952883 /* SZTAccountListController.m in Sources */ = {isa = PBXBuildFile; fileRef = 179B58F71AF74E0300952883 /* SZTAccountListController.m */; };
		17B500CF1AC69AA900426434 /* ShareImage.png in Resources */ = {isa = PBXBuildFile; fileRef = 17B500CE1AC69AA900426434 /* ShareImage.png */; };
		17C25C511ABACFFD007942A5 /* SZTResultItem.m in Sources */ = {isa = PBXBuildFile; fileRef = 17C25C501ABACFFD007942A5 /* SZTResultItem.m */; };
		17C25C601ABB0083007942A5 /* HTMLNode.m in Sources */ = {isa = PBXBuildFile; fileRef = 17C25C5C1ABB0083007942A5 /* HTMLNode.m */; };
		17C25C611ABB0083007942A5 /* HTMLParser.m in Sources */ = {isa = PBXBuildFile; fileRef = 17C25C5E1ABB0083007942A5 /* HTMLParser.m */; };
		17C25C621ABB0083007942A5 /* README.md in Sources */ = {isa = PBXBuildFile; fileRef = 17C25C5F1ABB0083007942A5 /* README.md */; };
		17C25C661ABBBB49007942A5 /* libxml2.dylib in Frameworks */ = {isa = PBXBuildFile; fileRef = 17C25C651ABBBB49007942A5 /* libxml2.dylib */; };
		17C25C691ABBC78A007942A5 /* SZTResultListController.m in Sources */ = {isa = PBXBuildFile; fileRef = 17C25C681ABBC78A007942A5 /* SZTResultListController.m */; };
		17C5A46C1AC19412001F8C9B /* UIAlertView+Blocks.m in Sources */ = {isa = PBXBuildFile; fileRef = 17C5A46B1AC19412001F8C9B /* UIAlertView+Blocks.m */; };
		17EA4FC51AC63D2300F4B064 /* SZTHomeController.m in Sources */ = {isa = PBXBuildFile; fileRef = 17EA4FC41AC63D2300F4B064 /* SZTHomeController.m */; };
		17F7941E1AD64B80006FEBA1 /* SZTWeizhangResultController.m in Sources */ = {isa = PBXBuildFile; fileRef = 17F7941D1AD64B80006FEBA1 /* SZTWeizhangResultController.m */; };
		17FC55611AD224D500BAA1A7 /* SZTWeizhangService.m in Sources */ = {isa = PBXBuildFile; fileRef = 17FC55601AD224D500BAA1A7 /* SZTWeizhangService.m */; };
		17FC55641AD2270100BAA1A7 /* SZTWeizhangViewController.m in Sources */ = {isa = PBXBuildFile; fileRef = 17FC55631AD2270100BAA1A7 /* SZTWeizhangViewController.m */; };
		E5376B9A5F2C28A79875B03D /* libPods.a in Frameworks */ = {isa = PBXBuildFile; fileRef = 0A3A3AF0D84C66D4C38586C7 /* libPods.a */; };
/* End PBXBuildFile section */

/* Begin PBXContainerItemProxy section */
		1701B6581AB684DB00DAF6FC /* PBXContainerItemProxy */ = {
			isa = PBXContainerItemProxy;
			containerPortal = 1701B6361AB684DA00DAF6FC /* Project object */;
			proxyType = 1;
			remoteGlobalIDString = 1701B63D1AB684DA00DAF6FC;
			remoteInfo = SZTool;
		};
/* End PBXContainerItemProxy section */

/* Begin PBXFileReference section */
		0A3A3AF0D84C66D4C38586C7 /* libPods.a */ = {isa = PBXFileReference; explicitFileType = archive.ar; includeInIndex = 0; path = libPods.a; sourceTree = BUILT_PRODUCTS_DIR; };
		1133C59E13D5258D149AB63B /* Pods.release.xcconfig */ = {isa = PBXFileReference; includeInIndex = 1; lastKnownFileType = text.xcconfig; name = Pods.release.xcconfig; path = "Pods/Target Support Files/Pods/Pods.release.xcconfig"; sourceTree = "<group>"; };
		1701B63E1AB684DA00DAF6FC /* SZTool.app */ = {isa = PBXFileReference; explicitFileType = wrapper.application; includeInIndex = 0; path = SZTool.app; sourceTree = BUILT_PRODUCTS_DIR; };
		1701B6421AB684DA00DAF6FC /* Info.plist */ = {isa = PBXFileReference; lastKnownFileType = text.plist.xml; path = Info.plist; sourceTree = "<group>"; };
		1701B6431AB684DA00DAF6FC /* main.m */ = {isa = PBXFileReference; lastKnownFileType = sourcecode.c.objc; path = main.m; sourceTree = "<group>"; };
		1701B6451AB684DA00DAF6FC /* AppDelegate.h */ = {isa = PBXFileReference; lastKnownFileType = sourcecode.c.h; path = AppDelegate.h; sourceTree = "<group>"; };
		1701B6461AB684DA00DAF6FC /* AppDelegate.m */ = {isa = PBXFileReference; lastKnownFileType = sourcecode.c.objc; path = AppDelegate.m; sourceTree = "<group>"; };
		1701B64E1AB684DA00DAF6FC /* Images.xcassets */ = {isa = PBXFileReference; lastKnownFileType = folder.assetcatalog; path = Images.xcassets; sourceTree = "<group>"; };
		1701B6571AB684DB00DAF6FC /* SZToolTests.xctest */ = {isa = PBXFileReference; explicitFileType = wrapper.cfbundle; includeInIndex = 0; path = SZToolTests.xctest; sourceTree = BUILT_PRODUCTS_DIR; };
		1701B65C1AB684DB00DAF6FC /* Info.plist */ = {isa = PBXFileReference; lastKnownFileType = text.plist.xml; path = Info.plist; sourceTree = "<group>"; };
		1701B65D1AB684DB00DAF6FC /* SZToolTests.m */ = {isa = PBXFileReference; lastKnownFileType = sourcecode.c.objc; path = SZToolTests.m; sourceTree = "<group>"; };
		1701B67B1AB6B7C600DAF6FC /* SZTool-Prefix.pch */ = {isa = PBXFileReference; fileEncoding = 4; lastKnownFileType = sourcecode.c.h; path = "SZTool-Prefix.pch"; sourceTree = "<group>"; };
		1701B67C1AB6BE0F00DAF6FC /* SZTMacros.h */ = {isa = PBXFileReference; fileEncoding = 4; lastKnownFileType = sourcecode.c.h; path = SZTMacros.h; sourceTree = "<group>"; };
		1701B67E1AB6CAAD00DAF6FC /* UIView+Frame.h */ = {isa = PBXFileReference; fileEncoding = 4; lastKnownFileType = sourcecode.c.h; name = "UIView+Frame.h"; path = "Category/UIView+Frame.h"; sourceTree = "<group>"; };
		1701B67F1AB6CAAD00DAF6FC /* UIView+Frame.m */ = {isa = PBXFileReference; fileEncoding = 4; lastKnownFileType = sourcecode.c.objc; name = "UIView+Frame.m"; path = "Category/UIView+Frame.m"; sourceTree = "<group>"; };
		1701B6851AB6D99000DAF6FC /* SZTViewController.h */ = {isa = PBXFileReference; fileEncoding = 4; lastKnownFileType = sourcecode.c.h; name = SZTViewController.h; path = Base/SZTViewController.h; sourceTree = "<group>"; };
		1701B6861AB6D99000DAF6FC /* SZTViewController.m */ = {isa = PBXFileReference; fileEncoding = 4; lastKnownFileType = sourcecode.c.objc; name = SZTViewController.m; path = Base/SZTViewController.m; sourceTree = "<group>"; };
		1701B6881AB6DD3900DAF6FC /* SZTGongjijinService.h */ = {isa = PBXFileReference; fileEncoding = 4; lastKnownFileType = sourcecode.c.h; name = SZTGongjijinService.h; path = Gongjijin/SZTGongjijinService.h; sourceTree = "<group>"; };
		1701B6891AB6DD3900DAF6FC /* SZTGongjijinService.m */ = {isa = PBXFileReference; fileEncoding = 4; lastKnownFileType = sourcecode.c.objc; name = SZTGongjijinService.m; path = Gongjijin/SZTGongjijinService.m; sourceTree = "<group>"; };
		1701B68B1AB6DDA900DAF6FC /* SZTGongjijinController.h */ = {isa = PBXFileReference; fileEncoding = 4; lastKnownFileType = sourcecode.c.h; name = SZTGongjijinController.h; path = Gongjijin/SZTGongjijinController.h; sourceTree = "<group>"; };
		1701B68C1AB6DDA900DAF6FC /* SZTGongjijinController.m */ = {isa = PBXFileReference; fileEncoding = 4; lastKnownFileType = sourcecode.c.objc; name = SZTGongjijinController.m; path = Gongjijin/SZTGongjijinController.m; sourceTree = "<group>"; };
		1701B68F1AB6E9B100DAF6FC /* SZTYaohaoViewController.h */ = {isa = PBXFileReference; fileEncoding = 4; lastKnownFileType = sourcecode.c.h; name = SZTYaohaoViewController.h; path = Yaohao/SZTYaohaoViewController.h; sourceTree = "<group>"; };
		1701B6901AB6E9B100DAF6FC /* SZTYaohaoViewController.m */ = {isa = PBXFileReference; fileEncoding = 4; lastKnownFileType = sourcecode.c.objc; name = SZTYaohaoViewController.m; path = Yaohao/SZTYaohaoViewController.m; sourceTree = "<group>"; };
		1701B6951AB71CAB00DAF6FC /* UIView+HUD.h */ = {isa = PBXFileReference; fileEncoding = 4; lastKnownFileType = sourcecode.c.h; name = "UIView+HUD.h"; path = "Category/UIView+HUD.h"; sourceTree = "<group>"; };
		1701B6961AB71CAB00DAF6FC /* UIView+HUD.m */ = {isa = PBXFileReference; fileEncoding = 4; lastKnownFileType = sourcecode.c.objc; name = "UIView+HUD.m"; path = "Category/UIView+HUD.m"; sourceTree = "<group>"; };
		1701B69B1AB7DC7100DAF6FC /* NSString+DT.h */ = {isa = PBXFileReference; fileEncoding = 4; lastKnownFileType = sourcecode.c.h; name = "NSString+DT.h"; path = "Category/NSString+DT.h"; sourceTree = "<group>"; };
		1701B69C1AB7DC7100DAF6FC /* NSString+DT.m */ = {isa = PBXFileReference; fileEncoding = 4; lastKnownFileType = sourcecode.c.objc; name = "NSString+DT.m"; path = "Category/NSString+DT.m"; sourceTree = "<group>"; };
		1701B69E1AB812FC00DAF6FC /* SZTResultModel.h */ = {isa = PBXFileReference; fileEncoding = 4; lastKnownFileType = sourcecode.c.h; name = SZTResultModel.h; path = Gongjijin/SZTResultModel.h; sourceTree = "<group>"; };
		1701B69F1AB812FC00DAF6FC /* SZTResultModel.m */ = {isa = PBXFileReference; fileEncoding = 4; lastKnownFileType = sourcecode.c.objc; name = SZTResultModel.m; path = Gongjijin/SZTResultModel.m; sourceTree = "<group>"; };
		1701B6A11AB833D400DAF6FC /* SZTYaohaoService.h */ = {isa = PBXFileReference; fileEncoding = 4; lastKnownFileType = sourcecode.c.h; name = SZTYaohaoService.h; path = Yaohao/SZTYaohaoService.h; sourceTree = "<group>"; };
		1701B6A21AB833D400DAF6FC /* SZTYaohaoService.m */ = {isa = PBXFileReference; fileEncoding = 4; lastKnownFileType = sourcecode.c.objc; name = SZTYaohaoService.m; path = Yaohao/SZTYaohaoService.m; sourceTree = "<group>"; };
		1701B6A51AB85A3D00DAF6FC /* SZTShebaoViewController.h */ = {isa = PBXFileReference; fileEncoding = 4; lastKnownFileType = sourcecode.c.h; name = SZTShebaoViewController.h; path = Shebao/SZTShebaoViewController.h; sourceTree = "<group>"; };
		1701B6A61AB85A3D00DAF6FC /* SZTShebaoViewController.m */ = {isa = PBXFileReference; fileEncoding = 4; lastKnownFileType = sourcecode.c.objc; name = SZTShebaoViewController.m; path = Shebao/SZTShebaoViewController.m; sourceTree = "<group>"; };
		1701B6A81AB85BB500DAF6FC /* SZTShebaoService.h */ = {isa = PBXFileReference; fileEncoding = 4; lastKnownFileType = sourcecode.c.h; name = SZTShebaoService.h; path = Shebao/SZTShebaoService.h; sourceTree = "<group>"; };
		1701B6A91AB85BB500DAF6FC /* SZTShebaoService.m */ = {isa = PBXFileReference; fileEncoding = 4; lastKnownFileType = sourcecode.c.objc; name = SZTShebaoService.m; path = Shebao/SZTShebaoService.m; sourceTree = "<group>"; };
		170F7D7F1AD29C0B00ABD24E /* SZTCarTypeManager.h */ = {isa = PBXFileReference; fileEncoding = 4; lastKnownFileType = sourcecode.c.h; name = SZTCarTypeManager.h; path = Weizhang/SZTCarTypeManager.h; sourceTree = "<group>"; };
		170F7D801AD29C0B00ABD24E /* SZTCarTypeManager.m */ = {isa = PBXFileReference; fileEncoding = 4; lastKnownFileType = sourcecode.c.objc; name = SZTCarTypeManager.m; path = Weizhang/SZTCarTypeManager.m; sourceTree = "<group>"; };
		170F7D821AD5749C00ABD24E /* SZTWeizhangModel.h */ = {isa = PBXFileReference; fileEncoding = 4; lastKnownFileType = sourcecode.c.h; name = SZTWeizhangModel.h; path = Weizhang/SZTWeizhangModel.h; sourceTree = "<group>"; };
		170F7D831AD5749C00ABD24E /* SZTWeizhangModel.m */ = {isa = PBXFileReference; fileEncoding = 4; lastKnownFileType = sourcecode.c.objc; name = SZTWeizhangModel.m; path = Weizhang/SZTWeizhangModel.m; sourceTree = "<group>"; };
		1710D6371AC2DD4A0083A297 /* SZTAboutViewController.h */ = {isa = PBXFileReference; fileEncoding = 4; lastKnownFileType = sourcecode.c.h; name = SZTAboutViewController.h; path = Settings/SZTAboutViewController.h; sourceTree = "<group>"; };
		1710D6381AC2DD4A0083A297 /* SZTAboutViewController.m */ = {isa = PBXFileReference; fileEncoding = 4; lastKnownFileType = sourcecode.c.objc; name = SZTAboutViewController.m; path = Settings/SZTAboutViewController.m; sourceTree = "<group>"; };
		1710D63D1AC2F7830083A297 /* DTPlaceHolderTextView.h */ = {isa = PBXFileReference; fileEncoding = 4; lastKnownFileType = sourcecode.c.h; name = DTPlaceHolderTextView.h; path = Base/DTPlaceHolderTextView.h; sourceTree = "<group>"; };
		1710D63E1AC2F7830083A297 /* DTPlaceHolderTextView.m */ = {isa = PBXFileReference; fileEncoding = 4; lastKnownFileType = sourcecode.c.objc; name = DTPlaceHolderTextView.m; path = Base/DTPlaceHolderTextView.m; sourceTree = "<group>"; };
		1710D66D1AC3DC700083A297 /* SZTPrivacyViewController.h */ = {isa = PBXFileReference; fileEncoding = 4; lastKnownFileType = sourcecode.c.h; name = SZTPrivacyViewController.h; path = Settings/SZTPrivacyViewController.h; sourceTree = "<group>"; };
		1710D66E1AC3DC700083A297 /* SZTPrivacyViewController.m */ = {isa = PBXFileReference; fileEncoding = 4; lastKnownFileType = sourcecode.c.objc; name = SZTPrivacyViewController.m; path = Settings/SZTPrivacyViewController.m; sourceTree = "<group>"; };
		1710D6731AC432550083A297 /* AVOSCloud.bundle */ = {isa = PBXFileReference; lastKnownFileType = "wrapper.plug-in"; name = AVOSCloud.bundle; path = Resources/AVOSCloud.bundle; sourceTree = "<group>"; };
		1710D6751AC432C20083A297 /* privacy.html */ = {isa = PBXFileReference; fileEncoding = 4; lastKnownFileType = text.html; name = privacy.html; path = Resources/privacy.html; sourceTree = "<group>"; };
		1719C5B21AE1FD29000D161B /* SZTool.entitlements */ = {isa = PBXFileReference; lastKnownFileType = text.xml; path = SZTool.entitlements; sourceTree = "<group>"; };
		1719C5B31AE2283E000D161B /* UIColor+HexString.m */ = {isa = PBXFileReference; fileEncoding = 4; lastKnownFileType = sourcecode.c.objc; name = "UIColor+HexString.m"; path = "Category/UIColor+HexString.m"; sourceTree = "<group>"; };
		1719C5B71AE228D2000D161B /* SZTool.xcdatamodel */ = {isa = PBXFileReference; lastKnownFileType = wrapper.xcdatamodel; path = SZTool.xcdatamodel; sourceTree = "<group>"; };
		1719C5B91AE2861E000D161B /* Weizhang.h */ = {isa = PBXFileReference; fileEncoding = 4; lastKnownFileType = sourcecode.c.h; name = Weizhang.h; path = Models/Weizhang.h; sourceTree = "<group>"; };
		1719C5BA1AE2861E000D161B /* Weizhang.m */ = {isa = PBXFileReference; fileEncoding = 4; lastKnownFileType = sourcecode.c.objc; name = Weizhang.m; path = Models/Weizhang.m; sourceTree = "<group>"; };
		1719C5BC1AE2861F000D161B /* Gongjijin.h */ = {isa = PBXFileReference; fileEncoding = 4; lastKnownFileType = sourcecode.c.h; name = Gongjijin.h; path = Models/Gongjijin.h; sourceTree = "<group>"; };
		1719C5BD1AE2861F000D161B /* Gongjijin.m */ = {isa = PBXFileReference; fileEncoding = 4; lastKnownFileType = sourcecode.c.objc; name = Gongjijin.m; path = Models/Gongjijin.m; sourceTree = "<group>"; };
		1719C5BF1AE2861F000D161B /* Shebao.h */ = {isa = PBXFileReference; fileEncoding = 4; lastKnownFileType = sourcecode.c.h; name = Shebao.h; path = Models/Shebao.h; sourceTree = "<group>"; };
		1719C5C01AE2861F000D161B /* Shebao.m */ = {isa = PBXFileReference; fileEncoding = 4; lastKnownFileType = sourcecode.c.objc; name = Shebao.m; path = Models/Shebao.m; sourceTree = "<group>"; };
		1719C5C21AE2861F000D161B /* Yaohao.h */ = {isa = PBXFileReference; fileEncoding = 4; lastKnownFileType = sourcecode.c.h; name = Yaohao.h; path = Models/Yaohao.h; sourceTree = "<group>"; };
		1719C5C31AE2861F000D161B /* Yaohao.m */ = {isa = PBXFileReference; fileEncoding = 4; lastKnownFileType = sourcecode.c.objc; name = Yaohao.m; path = Models/Yaohao.m; sourceTree = "<group>"; };
		1719C5C81AE2B78F000D161B /* SZTInputViewController.h */ = {isa = PBXFileReference; fileEncoding = 4; lastKnownFileType = sourcecode.c.h; name = SZTInputViewController.h; path = Base/SZTInputViewController.h; sourceTree = "<group>"; };
		1719C5C91AE2B78F000D161B /* SZTInputViewController.m */ = {isa = PBXFileReference; fileEncoding = 4; lastKnownFileType = sourcecode.c.objc; name = SZTInputViewController.m; path = Base/SZTInputViewController.m; sourceTree = "<group>"; };
		1719C5CF1AE35205000D161B /* SZTAccountTableView.h */ = {isa = PBXFileReference; fileEncoding = 4; lastKnownFileType = sourcecode.c.h; name = SZTAccountTableView.h; path = DropdownMenu/SZTAccountTableView.h; sourceTree = "<group>"; };
		1719C5D01AE35205000D161B /* SZTAccountTableView.m */ = {isa = PBXFileReference; fileEncoding = 4; lastKnownFileType = sourcecode.c.objc; name = SZTAccountTableView.m; path = DropdownMenu/SZTAccountTableView.m; sourceTree = "<group>"; };
		172DDD341AD7FF3E00013157 /* UIImageView+Indicator.h */ = {isa = PBXFileReference; fileEncoding = 4; lastKnownFileType = sourcecode.c.h; name = "UIImageView+Indicator.h"; path = "Category/UIImageView+Indicator.h"; sourceTree = "<group>"; };
		172DDD351AD7FF3E00013157 /* UIImageView+Indicator.m */ = {isa = PBXFileReference; fileEncoding = 4; lastKnownFileType = sourcecode.c.objc; name = "UIImageView+Indicator.m"; path = "Category/UIImageView+Indicator.m"; sourceTree = "<group>"; };
		17945C721B272BB900643A97 /* BaiduAPIUtils.h */ = {isa = PBXFileReference; fileEncoding = 4; lastKnownFileType = sourcecode.c.h; name = BaiduAPIUtils.h; path = Utils/BaiduAPIUtils.h; sourceTree = "<group>"; };
		17945C731B272BB900643A97 /* BaiduAPIUtils.m */ = {isa = PBXFileReference; fileEncoding = 4; lastKnownFileType = sourcecode.c.objc; name = BaiduAPIUtils.m; path = Utils/BaiduAPIUtils.m; sourceTree = "<group>"; };
		179B58F31AF740A200952883 /* SZTAccountManagerController.h */ = {isa = PBXFileReference; fileEncoding = 4; lastKnownFileType = sourcecode.c.h; name = SZTAccountManagerController.h; path = Settings/SZTAccountManagerController.h; sourceTree = "<group>"; };
		179B58F41AF740A200952883 /* SZTAccountManagerController.m */ = {isa = PBXFileReference; fileEncoding = 4; lastKnownFileType = sourcecode.c.objc; name = SZTAccountManagerController.m; path = Settings/SZTAccountManagerController.m; sourceTree = "<group>"; };
		179B58F61AF74E0300952883 /* SZTAccountListController.h */ = {isa = PBXFileReference; fileEncoding = 4; lastKnownFileType = sourcecode.c.h; name = SZTAccountListController.h; path = Settings/SZTAccountListController.h; sourceTree = "<group>"; };
		179B58F71AF74E0300952883 /* SZTAccountListController.m */ = {isa = PBXFileReference; fileEncoding = 4; lastKnownFileType = sourcecode.c.objc; name = SZTAccountListController.m; path = Settings/SZTAccountListController.m; sourceTree = "<group>"; };
		17B500CE1AC69AA900426434 /* ShareImage.png */ = {isa = PBXFileReference; lastKnownFileType = image.png; name = ShareImage.png; path = Resources/ShareImage.png; sourceTree = "<group>"; };
		17C25C4F1ABACFFD007942A5 /* SZTResultItem.h */ = {isa = PBXFileReference; fileEncoding = 4; lastKnownFileType = sourcecode.c.h; name = SZTResultItem.h; path = Base/SZTResultItem.h; sourceTree = "<group>"; };
		17C25C501ABACFFD007942A5 /* SZTResultItem.m */ = {isa = PBXFileReference; fileEncoding = 4; lastKnownFileType = sourcecode.c.objc; name = SZTResultItem.m; path = Base/SZTResultItem.m; sourceTree = "<group>"; };
		17C25C5B1ABB0083007942A5 /* HTMLNode.h */ = {isa = PBXFileReference; fileEncoding = 4; lastKnownFileType = sourcecode.c.h; name = HTMLNode.h; path = HTMLParser/HTMLNode.h; sourceTree = "<group>"; };
		17C25C5C1ABB0083007942A5 /* HTMLNode.m */ = {isa = PBXFileReference; fileEncoding = 4; lastKnownFileType = sourcecode.c.objc; name = HTMLNode.m; path = HTMLParser/HTMLNode.m; sourceTree = "<group>"; };
		17C25C5D1ABB0083007942A5 /* HTMLParser.h */ = {isa = PBXFileReference; fileEncoding = 4; lastKnownFileType = sourcecode.c.h; name = HTMLParser.h; path = HTMLParser/HTMLParser.h; sourceTree = "<group>"; };
		17C25C5E1ABB0083007942A5 /* HTMLParser.m */ = {isa = PBXFileReference; fileEncoding = 4; lastKnownFileType = sourcecode.c.objc; name = HTMLParser.m; path = HTMLParser/HTMLParser.m; sourceTree = "<group>"; };
		17C25C5F1ABB0083007942A5 /* README.md */ = {isa = PBXFileReference; fileEncoding = 4; lastKnownFileType = net.daringfireball.markdown; name = README.md; path = HTMLParser/README.md; sourceTree = "<group>"; };
		17C25C631ABBBB09007942A5 /* libxml2.2.dylib */ = {isa = PBXFileReference; lastKnownFileType = "compiled.mach-o.dylib"; name = libxml2.2.dylib; path = usr/lib/libxml2.2.dylib; sourceTree = SDKROOT; };
		17C25C651ABBBB49007942A5 /* libxml2.dylib */ = {isa = PBXFileReference; lastKnownFileType = "compiled.mach-o.dylib"; name = libxml2.dylib; path = usr/lib/libxml2.dylib; sourceTree = SDKROOT; };
		17C25C671ABBC78A007942A5 /* SZTResultListController.h */ = {isa = PBXFileReference; fileEncoding = 4; lastKnownFileType = sourcecode.c.h; name = SZTResultListController.h; path = Base/SZTResultListController.h; sourceTree = "<group>"; };
		17C25C681ABBC78A007942A5 /* SZTResultListController.m */ = {isa = PBXFileReference; fileEncoding = 4; lastKnownFileType = sourcecode.c.objc; name = SZTResultListController.m; path = Base/SZTResultListController.m; sourceTree = "<group>"; };
		17C5A46A1AC19412001F8C9B /* UIAlertView+Blocks.h */ = {isa = PBXFileReference; fileEncoding = 4; lastKnownFileType = sourcecode.c.h; name = "UIAlertView+Blocks.h"; path = "Category/UIAlertView+Blocks.h"; sourceTree = "<group>"; };
		17C5A46B1AC19412001F8C9B /* UIAlertView+Blocks.m */ = {isa = PBXFileReference; fileEncoding = 4; lastKnownFileType = sourcecode.c.objc; name = "UIAlertView+Blocks.m"; path = "Category/UIAlertView+Blocks.m"; sourceTree = "<group>"; };
		17EA4FC31AC63D2300F4B064 /* SZTHomeController.h */ = {isa = PBXFileReference; fileEncoding = 4; lastKnownFileType = sourcecode.c.h; name = SZTHomeController.h; path = Home/SZTHomeController.h; sourceTree = "<group>"; };
		17EA4FC41AC63D2300F4B064 /* SZTHomeController.m */ = {isa = PBXFileReference; fileEncoding = 4; lastKnownFileType = sourcecode.c.objc; name = SZTHomeController.m; path = Home/SZTHomeController.m; sourceTree = "<group>"; };
		17F7941C1AD64B80006FEBA1 /* SZTWeizhangResultController.h */ = {isa = PBXFileReference; fileEncoding = 4; lastKnownFileType = sourcecode.c.h; name = SZTWeizhangResultController.h; path = Weizhang/SZTWeizhangResultController.h; sourceTree = "<group>"; };
		17F7941D1AD64B80006FEBA1 /* SZTWeizhangResultController.m */ = {isa = PBXFileReference; fileEncoding = 4; lastKnownFileType = sourcecode.c.objc; name = SZTWeizhangResultController.m; path = Weizhang/SZTWeizhangResultController.m; sourceTree = "<group>"; };
		17FC555F1AD224D500BAA1A7 /* SZTWeizhangService.h */ = {isa = PBXFileReference; fileEncoding = 4; lastKnownFileType = sourcecode.c.h; name = SZTWeizhangService.h; path = Weizhang/SZTWeizhangService.h; sourceTree = "<group>"; };
		17FC55601AD224D500BAA1A7 /* SZTWeizhangService.m */ = {isa = PBXFileReference; fileEncoding = 4; lastKnownFileType = sourcecode.c.objc; name = SZTWeizhangService.m; path = Weizhang/SZTWeizhangService.m; sourceTree = "<group>"; };
		17FC55621AD2270100BAA1A7 /* SZTWeizhangViewController.h */ = {isa = PBXFileReference; fileEncoding = 4; lastKnownFileType = sourcecode.c.h; name = SZTWeizhangViewController.h; path = Weizhang/SZTWeizhangViewController.h; sourceTree = "<group>"; };
		17FC55631AD2270100BAA1A7 /* SZTWeizhangViewController.m */ = {isa = PBXFileReference; fileEncoding = 4; lastKnownFileType = sourcecode.c.objc; name = SZTWeizhangViewController.m; path = Weizhang/SZTWeizhangViewController.m; sourceTree = "<group>"; };
		17FC55651AD2275000BAA1A7 /* UIColor+HexString.h */ = {isa = PBXFileReference; fileEncoding = 4; lastKnownFileType = sourcecode.c.h; name = "UIColor+HexString.h"; path = "Category/UIColor+HexString.h"; sourceTree = "<group>"; };
		F79474117C160AAF0F080EDE /* Pods.debug.xcconfig */ = {isa = PBXFileReference; includeInIndex = 1; lastKnownFileType = text.xcconfig; name = Pods.debug.xcconfig; path = "Pods/Target Support Files/Pods/Pods.debug.xcconfig"; sourceTree = "<group>"; };
/* End PBXFileReference section */

/* Begin PBXFrameworksBuildPhase section */
		1701B63B1AB684DA00DAF6FC /* Frameworks */ = {
			isa = PBXFrameworksBuildPhase;
			buildActionMask = 2147483647;
			files = (
				17C25C661ABBBB49007942A5 /* libxml2.dylib in Frameworks */,
				E5376B9A5F2C28A79875B03D /* libPods.a in Frameworks */,
			);
			runOnlyForDeploymentPostprocessing = 0;
		};
		1701B6541AB684DB00DAF6FC /* Frameworks */ = {
			isa = PBXFrameworksBuildPhase;
			buildActionMask = 2147483647;
			files = (
			);
			runOnlyForDeploymentPostprocessing = 0;
		};
/* End PBXFrameworksBuildPhase section */

/* Begin PBXGroup section */
		1701B6351AB684DA00DAF6FC = {
			isa = PBXGroup;
			children = (
				1701B6401AB684DA00DAF6FC /* SZTool */,
				1701B65A1AB684DB00DAF6FC /* SZToolTests */,
				1701B63F1AB684DA00DAF6FC /* Products */,
				CFEBFA895B75E93A27AB11A0 /* Pods */,
				3957B37334DAFA851AFF0619 /* Frameworks */,
			);
			sourceTree = "<group>";
		};
		1701B63F1AB684DA00DAF6FC /* Products */ = {
			isa = PBXGroup;
			children = (
				1701B63E1AB684DA00DAF6FC /* SZTool.app */,
				1701B6571AB684DB00DAF6FC /* SZToolTests.xctest */,
			);
			name = Products;
			sourceTree = "<group>";
		};
		1701B6401AB684DA00DAF6FC /* SZTool */ = {
			isa = PBXGroup;
			children = (
				17945C711B272B6F00643A97 /* Utils */,
				1719C5CB1AE3516C000D161B /* DropdownMenu */,
				1719C5B51AE2284A000D161B /* Models */,
				1719C5B21AE1FD29000D161B /* SZTool.entitlements */,
				17C25C521ABAFFC8007942A5 /* HTMLParser */,
				1701B6841AB6D96700DAF6FC /* Base */,
				1701B67D1AB6CA3900DAF6FC /* Category */,
				1701B66A1AB68B9900DAF6FC /* Home */,
				1701B66E1AB6A8D600DAF6FC /* Gongjijin */,
				1701B6A41AB8598600DAF6FC /* Shebao */,
				1701B68E1AB6E96400DAF6FC /* Yaohao */,
				17FC555E1AD2247300BAA1A7 /* Weizhang */,
				1710D6361AC2DCA00083A297 /* Settings */,
				1710D6721AC432350083A297 /* Resources */,
				1701B64E1AB684DA00DAF6FC /* Images.xcassets */,
				1701B6411AB684DA00DAF6FC /* Supporting Files */,
				1701B67B1AB6B7C600DAF6FC /* SZTool-Prefix.pch */,
				1701B67C1AB6BE0F00DAF6FC /* SZTMacros.h */,
			);
			path = SZTool;
			sourceTree = "<group>";
		};
		1701B6411AB684DA00DAF6FC /* Supporting Files */ = {
			isa = PBXGroup;
			children = (
				1701B6421AB684DA00DAF6FC /* Info.plist */,
				1701B6431AB684DA00DAF6FC /* main.m */,
			);
			name = "Supporting Files";
			sourceTree = "<group>";
		};
		1701B65A1AB684DB00DAF6FC /* SZToolTests */ = {
			isa = PBXGroup;
			children = (
				1701B65D1AB684DB00DAF6FC /* SZToolTests.m */,
				1701B65B1AB684DB00DAF6FC /* Supporting Files */,
			);
			path = SZToolTests;
			sourceTree = "<group>";
		};
		1701B65B1AB684DB00DAF6FC /* Supporting Files */ = {
			isa = PBXGroup;
			children = (
				1701B65C1AB684DB00DAF6FC /* Info.plist */,
			);
			name = "Supporting Files";
			sourceTree = "<group>";
		};
		1701B66A1AB68B9900DAF6FC /* Home */ = {
			isa = PBXGroup;
			children = (
				17EA4FC31AC63D2300F4B064 /* SZTHomeController.h */,
				17EA4FC41AC63D2300F4B064 /* SZTHomeController.m */,
			);
			name = Home;
			sourceTree = "<group>";
		};
		1701B66E1AB6A8D600DAF6FC /* Gongjijin */ = {
			isa = PBXGroup;
			children = (
				1701B6881AB6DD3900DAF6FC /* SZTGongjijinService.h */,
				1701B6891AB6DD3900DAF6FC /* SZTGongjijinService.m */,
				1701B68B1AB6DDA900DAF6FC /* SZTGongjijinController.h */,
				1701B68C1AB6DDA900DAF6FC /* SZTGongjijinController.m */,
				1701B69E1AB812FC00DAF6FC /* SZTResultModel.h */,
				1701B69F1AB812FC00DAF6FC /* SZTResultModel.m */,
			);
			name = Gongjijin;
			sourceTree = "<group>";
		};
		1701B67D1AB6CA3900DAF6FC /* Category */ = {
			isa = PBXGroup;
			children = (
				17FC55651AD2275000BAA1A7 /* UIColor+HexString.h */,
				1719C5B31AE2283E000D161B /* UIColor+HexString.m */,
				17C5A46A1AC19412001F8C9B /* UIAlertView+Blocks.h */,
				17C5A46B1AC19412001F8C9B /* UIAlertView+Blocks.m */,
				1701B69B1AB7DC7100DAF6FC /* NSString+DT.h */,
				1701B69C1AB7DC7100DAF6FC /* NSString+DT.m */,
				1701B6951AB71CAB00DAF6FC /* UIView+HUD.h */,
				1701B6961AB71CAB00DAF6FC /* UIView+HUD.m */,
				1701B67E1AB6CAAD00DAF6FC /* UIView+Frame.h */,
				1701B67F1AB6CAAD00DAF6FC /* UIView+Frame.m */,
				172DDD341AD7FF3E00013157 /* UIImageView+Indicator.h */,
				172DDD351AD7FF3E00013157 /* UIImageView+Indicator.m */,
			);
			name = Category;
			sourceTree = "<group>";
		};
		1701B6841AB6D96700DAF6FC /* Base */ = {
			isa = PBXGroup;
			children = (
				1701B6451AB684DA00DAF6FC /* AppDelegate.h */,
				1701B6461AB684DA00DAF6FC /* AppDelegate.m */,
				1710D63D1AC2F7830083A297 /* DTPlaceHolderTextView.h */,
				1710D63E1AC2F7830083A297 /* DTPlaceHolderTextView.m */,
				1701B6851AB6D99000DAF6FC /* SZTViewController.h */,
				1701B6861AB6D99000DAF6FC /* SZTViewController.m */,
				17C25C4F1ABACFFD007942A5 /* SZTResultItem.h */,
				1719C5C81AE2B78F000D161B /* SZTInputViewController.h */,
				1719C5C91AE2B78F000D161B /* SZTInputViewController.m */,
				17C25C501ABACFFD007942A5 /* SZTResultItem.m */,
			);
			name = Base;
			sourceTree = "<group>";
		};
		1701B68E1AB6E96400DAF6FC /* Yaohao */ = {
			isa = PBXGroup;
			children = (
				1701B68F1AB6E9B100DAF6FC /* SZTYaohaoViewController.h */,
				1701B6901AB6E9B100DAF6FC /* SZTYaohaoViewController.m */,
				1701B6A11AB833D400DAF6FC /* SZTYaohaoService.h */,
				1701B6A21AB833D400DAF6FC /* SZTYaohaoService.m */,
			);
			name = Yaohao;
			sourceTree = "<group>";
		};
		1701B6A41AB8598600DAF6FC /* Shebao */ = {
			isa = PBXGroup;
			children = (
				1701B6A81AB85BB500DAF6FC /* SZTShebaoService.h */,
				1701B6A91AB85BB500DAF6FC /* SZTShebaoService.m */,
				1701B6A51AB85A3D00DAF6FC /* SZTShebaoViewController.h */,
				1701B6A61AB85A3D00DAF6FC /* SZTShebaoViewController.m */,
				17C25C671ABBC78A007942A5 /* SZTResultListController.h */,
				17C25C681ABBC78A007942A5 /* SZTResultListController.m */,
			);
			name = Shebao;
			sourceTree = "<group>";
		};
		1710D6361AC2DCA00083A297 /* Settings */ = {
			isa = PBXGroup;
			children = (
				1710D6371AC2DD4A0083A297 /* SZTAboutViewController.h */,
				1710D6381AC2DD4A0083A297 /* SZTAboutViewController.m */,
				1710D66D1AC3DC700083A297 /* SZTPrivacyViewController.h */,
				1710D66E1AC3DC700083A297 /* SZTPrivacyViewController.m */,
				179B58F31AF740A200952883 /* SZTAccountManagerController.h */,
				179B58F41AF740A200952883 /* SZTAccountManagerController.m */,
				179B58F61AF74E0300952883 /* SZTAccountListController.h */,
				179B58F71AF74E0300952883 /* SZTAccountListController.m */,
			);
			name = Settings;
			sourceTree = "<group>";
		};
		1710D6721AC432350083A297 /* Resources */ = {
			isa = PBXGroup;
			children = (
				17B500CE1AC69AA900426434 /* ShareImage.png */,
				1710D6751AC432C20083A297 /* privacy.html */,
				1710D6731AC432550083A297 /* AVOSCloud.bundle */,
			);
			name = Resources;
			sourceTree = "<group>";
		};
		1719C5B51AE2284A000D161B /* Models */ = {
			isa = PBXGroup;
			children = (
				1719C5B61AE228D2000D161B /* SZTool.xcdatamodeld */,
				1719C5C21AE2861F000D161B /* Yaohao.h */,
				1719C5C31AE2861F000D161B /* Yaohao.m */,
				1719C5BF1AE2861F000D161B /* Shebao.h */,
				1719C5C01AE2861F000D161B /* Shebao.m */,
				1719C5BC1AE2861F000D161B /* Gongjijin.h */,
				1719C5BD1AE2861F000D161B /* Gongjijin.m */,
				1719C5B91AE2861E000D161B /* Weizhang.h */,
				1719C5BA1AE2861E000D161B /* Weizhang.m */,
			);
			name = Models;
			sourceTree = "<group>";
		};
		1719C5CB1AE3516C000D161B /* DropdownMenu */ = {
			isa = PBXGroup;
			children = (
				1719C5CF1AE35205000D161B /* SZTAccountTableView.h */,
				1719C5D01AE35205000D161B /* SZTAccountTableView.m */,
			);
			name = DropdownMenu;
			sourceTree = "<group>";
		};
		17945C711B272B6F00643A97 /* Utils */ = {
			isa = PBXGroup;
			children = (
				17945C721B272BB900643A97 /* BaiduAPIUtils.h */,
				17945C731B272BB900643A97 /* BaiduAPIUtils.m */,
			);
			name = Utils;
			sourceTree = "<group>";
		};
		17C25C521ABAFFC8007942A5 /* HTMLParser */ = {
			isa = PBXGroup;
			children = (
				17C25C5B1ABB0083007942A5 /* HTMLNode.h */,
				17C25C5C1ABB0083007942A5 /* HTMLNode.m */,
				17C25C5D1ABB0083007942A5 /* HTMLParser.h */,
				17C25C5E1ABB0083007942A5 /* HTMLParser.m */,
				17C25C5F1ABB0083007942A5 /* README.md */,
			);
			name = HTMLParser;
			sourceTree = "<group>";
		};
		17FC555E1AD2247300BAA1A7 /* Weizhang */ = {
			isa = PBXGroup;
			children = (
				17FC555F1AD224D500BAA1A7 /* SZTWeizhangService.h */,
				17FC55601AD224D500BAA1A7 /* SZTWeizhangService.m */,
				17FC55621AD2270100BAA1A7 /* SZTWeizhangViewController.h */,
				17FC55631AD2270100BAA1A7 /* SZTWeizhangViewController.m */,
				17F7941C1AD64B80006FEBA1 /* SZTWeizhangResultController.h */,
				17F7941D1AD64B80006FEBA1 /* SZTWeizhangResultController.m */,
				170F7D7F1AD29C0B00ABD24E /* SZTCarTypeManager.h */,
				170F7D801AD29C0B00ABD24E /* SZTCarTypeManager.m */,
				170F7D821AD5749C00ABD24E /* SZTWeizhangModel.h */,
				170F7D831AD5749C00ABD24E /* SZTWeizhangModel.m */,
			);
			name = Weizhang;
			sourceTree = "<group>";
		};
		3957B37334DAFA851AFF0619 /* Frameworks */ = {
			isa = PBXGroup;
			children = (
				17C25C651ABBBB49007942A5 /* libxml2.dylib */,
				17C25C631ABBBB09007942A5 /* libxml2.2.dylib */,
				0A3A3AF0D84C66D4C38586C7 /* libPods.a */,
			);
			name = Frameworks;
			sourceTree = "<group>";
		};
		CFEBFA895B75E93A27AB11A0 /* Pods */ = {
			isa = PBXGroup;
			children = (
				F79474117C160AAF0F080EDE /* Pods.debug.xcconfig */,
				1133C59E13D5258D149AB63B /* Pods.release.xcconfig */,
			);
			name = Pods;
			sourceTree = "<group>";
		};
/* End PBXGroup section */

/* Begin PBXNativeTarget section */
		1701B63D1AB684DA00DAF6FC /* SZTool */ = {
			isa = PBXNativeTarget;
			buildConfigurationList = 1701B6611AB684DB00DAF6FC /* Build configuration list for PBXNativeTarget "SZTool" */;
			buildPhases = (
				E15F3E8EDC58AAC0F8E72778 /* Check Pods Manifest.lock */,
				1701B63A1AB684DA00DAF6FC /* Sources */,
				1701B63B1AB684DA00DAF6FC /* Frameworks */,
				1701B63C1AB684DA00DAF6FC /* Resources */,
				A57169588525DD0D203426DD /* Copy Pods Resources */,
				179B58FB1AFE02AB00952883 /* Upload Symbol */,
			);
			buildRules = (
			);
			dependencies = (
			);
			name = SZTool;
			productName = SZTool;
			productReference = 1701B63E1AB684DA00DAF6FC /* SZTool.app */;
			productType = "com.apple.product-type.application";
		};
		1701B6561AB684DB00DAF6FC /* SZToolTests */ = {
			isa = PBXNativeTarget;
			buildConfigurationList = 1701B6641AB684DB00DAF6FC /* Build configuration list for PBXNativeTarget "SZToolTests" */;
			buildPhases = (
				1701B6531AB684DB00DAF6FC /* Sources */,
				1701B6541AB684DB00DAF6FC /* Frameworks */,
				1701B6551AB684DB00DAF6FC /* Resources */,
			);
			buildRules = (
			);
			dependencies = (
				1701B6591AB684DB00DAF6FC /* PBXTargetDependency */,
			);
			name = SZToolTests;
			productName = SZToolTests;
			productReference = 1701B6571AB684DB00DAF6FC /* SZToolTests.xctest */;
			productType = "com.apple.product-type.bundle.unit-test";
		};
/* End PBXNativeTarget section */

/* Begin PBXProject section */
		1701B6361AB684DA00DAF6FC /* Project object */ = {
			isa = PBXProject;
			attributes = {
				LastUpgradeCheck = 0620;
				ORGANIZATIONNAME = "Code Addict Studio";
				TargetAttributes = {
					1701B63D1AB684DA00DAF6FC = {
						CreatedOnToolsVersion = 6.2;
						DevelopmentTeam = XV9FUP6U8C;
						SystemCapabilities = {
							com.apple.iCloud = {
								enabled = 1;
							};
						};
					};
					1701B6561AB684DB00DAF6FC = {
						CreatedOnToolsVersion = 6.2;
						TestTargetID = 1701B63D1AB684DA00DAF6FC;
					};
				};
			};
			buildConfigurationList = 1701B6391AB684DA00DAF6FC /* Build configuration list for PBXProject "SZTool" */;
			compatibilityVersion = "Xcode 3.2";
			developmentRegion = English;
			hasScannedForEncodings = 0;
			knownRegions = (
				en,
				Base,
			);
			mainGroup = 1701B6351AB684DA00DAF6FC;
			productRefGroup = 1701B63F1AB684DA00DAF6FC /* Products */;
			projectDirPath = "";
			projectRoot = "";
			targets = (
				1701B63D1AB684DA00DAF6FC /* SZTool */,
				1701B6561AB684DB00DAF6FC /* SZToolTests */,
			);
		};
/* End PBXProject section */

/* Begin PBXResourcesBuildPhase section */
		1701B63C1AB684DA00DAF6FC /* Resources */ = {
			isa = PBXResourcesBuildPhase;
			buildActionMask = 2147483647;
			files = (
				1710D6741AC432550083A297 /* AVOSCloud.bundle in Resources */,
				1710D6761AC432C20083A297 /* privacy.html in Resources */,
				1701B64F1AB684DA00DAF6FC /* Images.xcassets in Resources */,
				17B500CF1AC69AA900426434 /* ShareImage.png in Resources */,
			);
			runOnlyForDeploymentPostprocessing = 0;
		};
		1701B6551AB684DB00DAF6FC /* Resources */ = {
			isa = PBXResourcesBuildPhase;
			buildActionMask = 2147483647;
			files = (
			);
			runOnlyForDeploymentPostprocessing = 0;
		};
/* End PBXResourcesBuildPhase section */

/* Begin PBXShellScriptBuildPhase section */
		179B58FB1AFE02AB00952883 /* Upload Symbol */ = {
			isa = PBXShellScriptBuildPhase;
			buildActionMask = 2147483647;
			files = (
			);
			inputPaths = (
			);
			name = "Upload Symbol";
			outputPaths = (
			);
			runOnlyForDeploymentPostprocessing = 0;
			shellPath = /bin/sh;
			shellScript = "";
		};
		A57169588525DD0D203426DD /* Copy Pods Resources */ = {
			isa = PBXShellScriptBuildPhase;
			buildActionMask = 2147483647;
			files = (
			);
			inputPaths = (
			);
			name = "Copy Pods Resources";
			outputPaths = (
			);
			runOnlyForDeploymentPostprocessing = 0;
			shellPath = /bin/sh;
			shellScript = "\"${SRCROOT}/Pods/Target Support Files/Pods/Pods-resources.sh\"\n";
			showEnvVarsInLog = 0;
		};
		E15F3E8EDC58AAC0F8E72778 /* Check Pods Manifest.lock */ = {
			isa = PBXShellScriptBuildPhase;
			buildActionMask = 2147483647;
			files = (
			);
			inputPaths = (
			);
			name = "Check Pods Manifest.lock";
			outputPaths = (
			);
			runOnlyForDeploymentPostprocessing = 0;
			shellPath = /bin/sh;
			shellScript = "diff \"${PODS_ROOT}/../Podfile.lock\" \"${PODS_ROOT}/Manifest.lock\" > /dev/null\nif [[ $? != 0 ]] ; then\n    cat << EOM\nerror: The sandbox is not in sync with the Podfile.lock. Run 'pod install' or update your CocoaPods installation.\nEOM\n    exit 1\nfi\n";
			showEnvVarsInLog = 0;
		};
/* End PBXShellScriptBuildPhase section */

/* Begin PBXSourcesBuildPhase section */
		1701B63A1AB684DA00DAF6FC /* Sources */ = {
			isa = PBXSourcesBuildPhase;
			buildActionMask = 2147483647;
			files = (
				1719C5B41AE2283E000D161B /* UIColor+HexString.m in Sources */,
				179B58F81AF74E0300952883 /* SZTAccountListController.m in Sources */,
				1701B6971AB71CAB00DAF6FC /* UIView+HUD.m in Sources */,
				1719C5BB1AE2861E000D161B /* Weizhang.m in Sources */,
				1719C5C11AE2861F000D161B /* Shebao.m in Sources */,
				1701B6AA1AB85BB500DAF6FC /* SZTShebaoService.m in Sources */,
				1701B6801AB6CAAD00DAF6FC /* UIView+Frame.m in Sources */,
				17C25C601ABB0083007942A5 /* HTMLNode.m in Sources */,
				17C25C691ABBC78A007942A5 /* SZTResultListController.m in Sources */,
				1710D63F1AC2F7830083A297 /* DTPlaceHolderTextView.m in Sources */,
				1710D66F1AC3DC700083A297 /* SZTPrivacyViewController.m in Sources */,
				1701B6871AB6D99000DAF6FC /* SZTViewController.m in Sources */,
				1719C5D31AE35205000D161B /* SZTAccountTableView.m in Sources */,
				17C25C621ABB0083007942A5 /* README.md in Sources */,
				1701B6A31AB833D400DAF6FC /* SZTYaohaoService.m in Sources */,
				1719C5B81AE228D2000D161B /* SZTool.xcdatamodeld in Sources */,
				17FC55611AD224D500BAA1A7 /* SZTWeizhangService.m in Sources */,
				1701B68A1AB6DD3900DAF6FC /* SZTGongjijinService.m in Sources */,
				17945C741B272BB900643A97 /* BaiduAPIUtils.m in Sources */,
				1701B6911AB6E9B100DAF6FC /* SZTYaohaoViewController.m in Sources */,
				1701B69D1AB7DC7100DAF6FC /* NSString+DT.m in Sources */,
				172DDD361AD7FF3E00013157 /* UIImageView+Indicator.m in Sources */,
				1701B6471AB684DA00DAF6FC /* AppDelegate.m in Sources */,
				170F7D841AD5749C00ABD24E /* SZTWeizhangModel.m in Sources */,
				1719C5C41AE2861F000D161B /* Yaohao.m in Sources */,
				1710D6391AC2DD4A0083A297 /* SZTAboutViewController.m in Sources */,
				170F7D811AD29C0B00ABD24E /* SZTCarTypeManager.m in Sources */,
				17C5A46C1AC19412001F8C9B /* UIAlertView+Blocks.m in Sources */,
				1701B6A71AB85A3D00DAF6FC /* SZTShebaoViewController.m in Sources */,
				1701B68D1AB6DDA900DAF6FC /* SZTGongjijinController.m in Sources */,
				17F7941E1AD64B80006FEBA1 /* SZTWeizhangResultController.m in Sources */,
				1701B6A01AB812FC00DAF6FC /* SZTResultModel.m in Sources */,
				1701B6441AB684DA00DAF6FC /* main.m in Sources */,
				17C25C511ABACFFD007942A5 /* SZTResultItem.m in Sources */,
				17C25C611ABB0083007942A5 /* HTMLParser.m in Sources */,
				1719C5CA1AE2B78F000D161B /* SZTInputViewController.m in Sources */,
				1719C5BE1AE2861F000D161B /* Gongjijin.m in Sources */,
				179B58F51AF740A200952883 /* SZTAccountManagerController.m in Sources */,
				17EA4FC51AC63D2300F4B064 /* SZTHomeController.m in Sources */,
				17FC55641AD2270100BAA1A7 /* SZTWeizhangViewController.m in Sources */,
			);
			runOnlyForDeploymentPostprocessing = 0;
		};
		1701B6531AB684DB00DAF6FC /* Sources */ = {
			isa = PBXSourcesBuildPhase;
			buildActionMask = 2147483647;
			files = (
				1701B65E1AB684DB00DAF6FC /* SZToolTests.m in Sources */,
			);
			runOnlyForDeploymentPostprocessing = 0;
		};
/* End PBXSourcesBuildPhase section */

/* Begin PBXTargetDependency section */
		1701B6591AB684DB00DAF6FC /* PBXTargetDependency */ = {
			isa = PBXTargetDependency;
			target = 1701B63D1AB684DA00DAF6FC /* SZTool */;
			targetProxy = 1701B6581AB684DB00DAF6FC /* PBXContainerItemProxy */;
		};
/* End PBXTargetDependency section */

/* Begin XCBuildConfiguration section */
		1701B65F1AB684DB00DAF6FC /* Debug */ = {
			isa = XCBuildConfiguration;
			buildSettings = {
				ALWAYS_SEARCH_USER_PATHS = NO;
				CLANG_CXX_LANGUAGE_STANDARD = "gnu++0x";
				CLANG_CXX_LIBRARY = "libc++";
				CLANG_ENABLE_MODULES = YES;
				CLANG_ENABLE_OBJC_ARC = YES;
				CLANG_WARN_BOOL_CONVERSION = YES;
				CLANG_WARN_CONSTANT_CONVERSION = YES;
				CLANG_WARN_DIRECT_OBJC_ISA_USAGE = YES_ERROR;
				CLANG_WARN_EMPTY_BODY = YES;
				CLANG_WARN_ENUM_CONVERSION = YES;
				CLANG_WARN_INT_CONVERSION = YES;
				CLANG_WARN_OBJC_ROOT_CLASS = YES_ERROR;
				CLANG_WARN_UNREACHABLE_CODE = YES;
				CLANG_WARN__DUPLICATE_METHOD_MATCH = YES;
				"CODE_SIGN_IDENTITY[sdk=iphoneos*]" = "iPhone Developer";
				COPY_PHASE_STRIP = NO;
				ENABLE_STRICT_OBJC_MSGSEND = YES;
				GCC_C_LANGUAGE_STANDARD = gnu99;
				GCC_DYNAMIC_NO_PIC = NO;
				GCC_OPTIMIZATION_LEVEL = 0;
				GCC_PREPROCESSOR_DEFINITIONS = (
					"DEBUG=1",
					"$(inherited)",
				);
				GCC_SYMBOLS_PRIVATE_EXTERN = NO;
				GCC_WARN_64_TO_32_BIT_CONVERSION = YES;
				GCC_WARN_ABOUT_RETURN_TYPE = YES_ERROR;
				GCC_WARN_UNDECLARED_SELECTOR = YES;
				GCC_WARN_UNINITIALIZED_AUTOS = YES_AGGRESSIVE;
				GCC_WARN_UNUSED_FUNCTION = YES;
				GCC_WARN_UNUSED_VARIABLE = YES;
				IPHONEOS_DEPLOYMENT_TARGET = 8.2;
				MTL_ENABLE_DEBUG_INFO = YES;
				ONLY_ACTIVE_ARCH = YES;
				SDKROOT = iphoneos;
			};
			name = Debug;
		};
		1701B6601AB684DB00DAF6FC /* Release */ = {
			isa = XCBuildConfiguration;
			buildSettings = {
				ALWAYS_SEARCH_USER_PATHS = NO;
				CLANG_CXX_LANGUAGE_STANDARD = "gnu++0x";
				CLANG_CXX_LIBRARY = "libc++";
				CLANG_ENABLE_MODULES = YES;
				CLANG_ENABLE_OBJC_ARC = YES;
				CLANG_WARN_BOOL_CONVERSION = YES;
				CLANG_WARN_CONSTANT_CONVERSION = YES;
				CLANG_WARN_DIRECT_OBJC_ISA_USAGE = YES_ERROR;
				CLANG_WARN_EMPTY_BODY = YES;
				CLANG_WARN_ENUM_CONVERSION = YES;
				CLANG_WARN_INT_CONVERSION = YES;
				CLANG_WARN_OBJC_ROOT_CLASS = YES_ERROR;
				CLANG_WARN_UNREACHABLE_CODE = YES;
				CLANG_WARN__DUPLICATE_METHOD_MATCH = YES;
				"CODE_SIGN_IDENTITY[sdk=iphoneos*]" = "iPhone Developer";
				COPY_PHASE_STRIP = NO;
				ENABLE_NS_ASSERTIONS = NO;
				ENABLE_STRICT_OBJC_MSGSEND = YES;
				GCC_C_LANGUAGE_STANDARD = gnu99;
				GCC_WARN_64_TO_32_BIT_CONVERSION = YES;
				GCC_WARN_ABOUT_RETURN_TYPE = YES_ERROR;
				GCC_WARN_UNDECLARED_SELECTOR = YES;
				GCC_WARN_UNINITIALIZED_AUTOS = YES_AGGRESSIVE;
				GCC_WARN_UNUSED_FUNCTION = YES;
				GCC_WARN_UNUSED_VARIABLE = YES;
				IPHONEOS_DEPLOYMENT_TARGET = 8.2;
				MTL_ENABLE_DEBUG_INFO = NO;
				SDKROOT = iphoneos;
				VALIDATE_PRODUCT = YES;
			};
			name = Release;
		};
		1701B6621AB684DB00DAF6FC /* Debug */ = {
			isa = XCBuildConfiguration;
			baseConfigurationReference = F79474117C160AAF0F080EDE /* Pods.debug.xcconfig */;
			buildSettings = {
				ASSETCATALOG_COMPILER_APPICON_NAME = AppIcon;
				ASSETCATALOG_COMPILER_LAUNCHIMAGE_NAME = LaunchImage;
				CODE_SIGN_ENTITLEMENTS = SZTool/SZTool.entitlements;
				CODE_SIGN_IDENTITY = "iPhone Developer";
				"CODE_SIGN_IDENTITY[sdk=iphoneos*]" = "iPhone Developer";
				GCC_PREFIX_HEADER = "$(SRCROOT)/$(PROJECT_NAME)/SZTool-Prefix.pch";
				HEADER_SEARCH_PATHS = (
					"\"${PODS_ROOT}/Headers/Public\"",
					"\"${PODS_ROOT}/Headers/Public/AFNetworking\"",
					"\"${PODS_ROOT}/Headers/Public/ActionSheetPicker-3.0\"",
					"\"${PODS_ROOT}/Headers/Public/IQKeyboardManager\"",
					"\"${PODS_ROOT}/Headers/Public/MBProgressHUD\"",
					"\"${PODS_ROOT}/Headers/Public/RZTransitions\"",
					/usr/include/libxml2,
				);
				INFOPLIST_FILE = SZTool/Info.plist;
				IPHONEOS_DEPLOYMENT_TARGET = 7.0;
				LD_RUNPATH_SEARCH_PATHS = "$(inherited) @executable_path/Frameworks";
				PRODUCT_NAME = "$(TARGET_NAME)";
				PROVISIONING_PROFILE = "";
			};
			name = Debug;
		};
		1701B6631AB684DB00DAF6FC /* Release */ = {
			isa = XCBuildConfiguration;
			baseConfigurationReference = 1133C59E13D5258D149AB63B /* Pods.release.xcconfig */;
			buildSettings = {
				ASSETCATALOG_COMPILER_APPICON_NAME = AppIcon;
				ASSETCATALOG_COMPILER_LAUNCHIMAGE_NAME = LaunchImage;
				CODE_SIGN_ENTITLEMENTS = SZTool/SZTool.entitlements;
				CODE_SIGN_IDENTITY = "iPhone Developer";
				"CODE_SIGN_IDENTITY[sdk=iphoneos*]" = "iPhone Developer";
				GCC_PREFIX_HEADER = "$(SRCROOT)/$(PROJECT_NAME)/SZTool-Prefix.pch";
				HEADER_SEARCH_PATHS = (
					"\"${PODS_ROOT}/Headers/Public\"",
					"\"${PODS_ROOT}/Headers/Public/AFNetworking\"",
					"\"${PODS_ROOT}/Headers/Public/ActionSheetPicker-3.0\"",
					"\"${PODS_ROOT}/Headers/Public/IQKeyboardManager\"",
					"\"${PODS_ROOT}/Headers/Public/MBProgressHUD\"",
					"\"${PODS_ROOT}/Headers/Public/RZTransitions\"",
					/usr/include/libxml2,
				);
				INFOPLIST_FILE = SZTool/Info.plist;
				IPHONEOS_DEPLOYMENT_TARGET = 7.0;
				LD_RUNPATH_SEARCH_PATHS = "$(inherited) @executable_path/Frameworks";
				PRODUCT_NAME = "$(TARGET_NAME)";
				PROVISIONING_PROFILE = "";
			};
			name = Release;
		};
		1701B6651AB684DB00DAF6FC /* Debug */ = {
			isa = XCBuildConfiguration;
			buildSettings = {
				BUNDLE_LOADER = "$(TEST_HOST)";
				FRAMEWORK_SEARCH_PATHS = (
					"$(SDKROOT)/Developer/Library/Frameworks",
					"$(inherited)",
				);
				GCC_PREPROCESSOR_DEFINITIONS = (
					"DEBUG=1",
					"$(inherited)",
				);
				INFOPLIST_FILE = SZToolTests/Info.plist;
				LD_RUNPATH_SEARCH_PATHS = "$(inherited) @executable_path/Frameworks @loader_path/Frameworks";
				PRODUCT_NAME = "$(TARGET_NAME)";
				TEST_HOST = "$(BUILT_PRODUCTS_DIR)/SZTool.app/SZTool";
			};
			name = Debug;
		};
		1701B6661AB684DB00DAF6FC /* Release */ = {
			isa = XCBuildConfiguration;
			buildSettings = {
				BUNDLE_LOADER = "$(TEST_HOST)";
				FRAMEWORK_SEARCH_PATHS = (
					"$(SDKROOT)/Developer/Library/Frameworks",
					"$(inherited)",
				);
				INFOPLIST_FILE = SZToolTests/Info.plist;
				LD_RUNPATH_SEARCH_PATHS = "$(inherited) @executable_path/Frameworks @loader_path/Frameworks";
				PRODUCT_NAME = "$(TARGET_NAME)";
				TEST_HOST = "$(BUILT_PRODUCTS_DIR)/SZTool.app/SZTool";
			};
			name = Release;
		};
/* End XCBuildConfiguration section */

/* Begin XCConfigurationList section */
		1701B6391AB684DA00DAF6FC /* Build configuration list for PBXProject "SZTool" */ = {
			isa = XCConfigurationList;
			buildConfigurations = (
				1701B65F1AB684DB00DAF6FC /* Debug */,
				1701B6601AB684DB00DAF6FC /* Release */,
			);
			defaultConfigurationIsVisible = 0;
			defaultConfigurationName = Release;
		};
		1701B6611AB684DB00DAF6FC /* Build configuration list for PBXNativeTarget "SZTool" */ = {
			isa = XCConfigurationList;
			buildConfigurations = (
				1701B6621AB684DB00DAF6FC /* Debug */,
				1701B6631AB684DB00DAF6FC /* Release */,
			);
			defaultConfigurationIsVisible = 0;
			defaultConfigurationName = Release;
		};
		1701B6641AB684DB00DAF6FC /* Build configuration list for PBXNativeTarget "SZToolTests" */ = {
			isa = XCConfigurationList;
			buildConfigurations = (
				1701B6651AB684DB00DAF6FC /* Debug */,
				1701B6661AB684DB00DAF6FC /* Release */,
			);
			defaultConfigurationIsVisible = 0;
			defaultConfigurationName = Release;
		};
/* End XCConfigurationList section */

/* Begin XCVersionGroup section */
		1719C5B61AE228D2000D161B /* SZTool.xcdatamodeld */ = {
			isa = XCVersionGroup;
			children = (
				1719C5B71AE228D2000D161B /* SZTool.xcdatamodel */,
			);
			currentVersion = 1719C5B71AE228D2000D161B /* SZTool.xcdatamodel */;
			name = SZTool.xcdatamodeld;
			path = Models/SZTool.xcdatamodeld;
			sourceTree = "<group>";
			versionGroupType = wrapper.xcdatamodel;
		};
/* End XCVersionGroup section */
	};
	rootObject = 1701B6361AB684DA00DAF6FC /* Project object */;
}
