PODS:
  - ActionSheetPicker-3.0 (2.1.0)
  - AFNetworking (2.6.3):
    - AFNetworking/NSURLConnection (= 2.6.3)
    - AFNetworking/NSURLSession (= 2.6.3)
    - AFNetworking/Reachability (= 2.6.3)
    - AFNetworking/Security (= 2.6.3)
    - AFNetworking/Serialization (= 2.6.3)
    - AFNetworking/UIKit (= 2.6.3)
  - AFNetworking/NSURLConnection (2.6.3):
    - AFNetworking/Reachability
    - AFNetworking/Security
    - AFNetworking/Serialization
  - AFNetworking/NSURLSession (2.6.3):
    - AFNetworking/Reachability
    - AFNetworking/Security
    - AFNetworking/Serialization
  - AFNetworking/Reachability (2.6.3)
  - AFNetworking/Security (2.6.3)
  - AFNetworking/Serialization (2.6.3)
  - AFNetworking/UIKit (2.6.3):
    - AFNetworking/NSURLConnection
    - AFNetworking/NSURLSession
  - AVOSCloud (3.3.1)
  - AVOSCloudCrashReporting (3.3.1):
    - AVOSCloud
  - JVFloatLabeledTextField (1.1.0)
  - LeanCloudFeedback (0.1.1):
    - AVOSCloud
  - LMDropdownView (1.0.0)
  - MagicalRecord (2.3.2):
    - MagicalRecord/Core (= 2.3.2)
  - MagicalRecord/Core (2.3.2)
  - MAThemeKit (1.0)
  - MBProgressHUD (0.9.2)
  - RNBlurModalView (0.1.0)
  - RZTransitions (1.2.1)

DEPENDENCIES:
  - ActionSheetPicker-3.0
  - AFNetworking (~> 2.5)
  - AVOSCloud
  - AVOSCloudCrashReporting
  - JVFloatLabeledTextField
  - LeanCloudFeedback
  - LMDropdownView (= 1.0.0)
  - MagicalRecord
  - MAThemeKit
  - MBProgressHUD
  - RNBlurModalView
  - RZTransitions

SPEC CHECKSUMS:
  ActionSheetPicker-3.0: db66605feb85689279d328206c61f0e4f398df92
  AFNetworking: cb8d14a848e831097108418f5d49217339d4eb60
  AVOSCloud: ce999e21da976f78c4eda53243699b634891d42d
  AVOSCloudCrashReporting: 80e30991bfeee83dccbc2ffe0b3e6fd4dfbdb7af
  JVFloatLabeledTextField: ea4a3d8387ddd43724c472bb2b8ab39b79af05d4
  LeanCloudFeedback: 686305ea196931c7eae49800c384e42d78408482
  LMDropdownView: 1c3c389bf542a54ff8a3d6f1eb92a534c5712b60
  MagicalRecord: 53bed74b4323b930992a725be713e53b37d19755
  MAThemeKit: 559acc98ceadc051cccb1b6bb0c4ca28475eb021
  MBProgressHUD: 1569cf7ace17a8bac47aabfbb8580a49690386d1
  RNBlurModalView: 0f3fc721d4d1cdb79b39760bc74eb148cf5f5e52
  RZTransitions: 0e0013fda6989ee84dc5e44dca79fd539e1a975a

COCOAPODS: 0.39.0
